
Microsoft Visual Studio Solution File, Format Version 12.00
# Visual Studio 15
VisualStudioVersion = 15.0.28307.1525
MinimumVisualStudioVersion = 10.0.40219.1
Project("{FAE04EC0-301F-11D3-BF4B-00C04F79EFBC}") = "DemoProject_Core", "DemoProject_Core\DemoProject_Core.csproj", "{1C06504B-7F99-4099-AA18-27F952A25EE0}"
EndProject
Global
	GlobalSection(SolutionConfigurationPlatforms) = preSolution
		Debug|Any CPU = Debug|Any CPU
		Release|Any CPU = Release|Any CPU
	EndGlobalSection
	GlobalSection(ProjectConfigurationPlatforms) = postSolution
		{1C06504B-7F99-4099-AA18-27F952A25EE0}.Debug|Any CPU.ActiveCfg = Debug|Any CPU
		{1C06504B-7F99-4099-AA18-27F952A25EE0}.Debug|Any CPU.Build.0 = Debug|Any CPU
		{1C06504B-7F99-4099-AA18-27F952A25EE0}.Release|Any CPU.ActiveCfg = Release|Any CPU
		{1C06504B-7F99-4099-AA18-27F952A25EE0}.Release|Any CPU.Build.0 = Release|Any CPU
	EndGlobalSection
	GlobalSection(SolutionProperties) = preSolution
		HideSolutionNode = FALSE
	EndGlobalSection
	GlobalSection(ExtensibilityGlobals) = postSolution
		SolutionGuid = {A91DE6CE-A18D-4417-B15D-87E7B168564E}
	EndGlobalSection
EndGlobal
